# This file is automatically @generated by Cargo.
# It is not intended for manual editing.
version = 4

[[package]]
name = "init-rs"
version = "0.1.0"
dependencies = [
 "libwildnix",
]

[[package]]
name = "libwildnix"
version = "0.1.0"
source = "registry+https://github.com/rust-lang/crates.io-index"
checksum = "4c282adf334af892e1c6e20e15bdbe713d0dd9e7606790bd719fe1c1657ebc88"
